[[package]]
category = "main"
description = "A database migration tool for SQLAlchemy."
name = "alembic"
optional = false
python-versions = ">=2.7, !=3.0.*, !=3.1.*, !=3.2.*, !=3.3.*"
version = "1.4.2"

[package.dependencies]
Mako = "*"
SQLAlchemy = ">=1.1.0"
python-dateutil = "*"
python-editor = ">=0.3"

[[package]]
category = "main"
description = "A library for parsing ISO 8601 strings."
name = "aniso8601"
optional = false
python-versions = "*"
version = "8.0.0"

[[package]]
category = "main"
description = "Bash tab completion for argparse"
name = "argcomplete"
optional = false
python-versions = "*"
version = "1.11.1"

[package.extras]
test = ["coverage", "flake8", "pexpect", "wheel"]

[[package]]
category = "main"
description = "Classes Without Boilerplate"
name = "attrs"
optional = false
python-versions = ">=2.7, !=3.0.*, !=3.1.*, !=3.2.*, !=3.3.*"
version = "19.3.0"

[package.extras]
azure-pipelines = ["coverage", "hypothesis", "pympler", "pytest (>=4.3.0)", "six", "zope.interface", "pytest-azurepipelines"]
dev = ["coverage", "hypothesis", "pympler", "pytest (>=4.3.0)", "six", "zope.interface", "sphinx", "pre-commit"]
docs = ["sphinx", "zope.interface"]
tests = ["coverage", "hypothesis", "pympler", "pytest (>=4.3.0)", "six", "zope.interface"]

[[package]]
category = "main"
description = "The AWS SDK for Python"
name = "boto3"
optional = false
python-versions = "*"
version = "1.14.16"

[package.dependencies]
botocore = ">=1.17.16,<1.18.0"
jmespath = ">=0.7.1,<1.0.0"
s3transfer = ">=0.3.0,<0.4.0"

[[package]]
category = "main"
description = "Low-level, data-driven core of boto 3."
name = "botocore"
optional = false
python-versions = "*"
version = "1.17.16"

[package.dependencies]
docutils = ">=0.10,<0.16"
jmespath = ">=0.7.1,<1.0.0"
python-dateutil = ">=2.1,<3.0.0"

[package.dependencies.urllib3]
python = "<3.4.0 || >=3.5.0"
version = ">=1.20,<1.26"

[[package]]
category = "main"
description = "Python package for providing Mozilla's CA Bundle."
name = "certifi"
optional = false
python-versions = "*"
version = "2020.6.20"

[[package]]
category = "main"
description = "Convert AWS CloudFormation templates between JSON and YAML formats"
name = "cfn-flip"
optional = false
python-versions = "*"
version = "1.2.3"

[package.dependencies]
Click = "*"
PyYAML = ">=4.1"
six = "*"

[[package]]
category = "main"
description = "Universal encoding detector for Python 2 and 3"
name = "chardet"
optional = false
python-versions = "*"
version = "3.0.4"

[[package]]
category = "main"
description = "Composable command line interface toolkit"
name = "click"
optional = false
python-versions = ">=2.7, !=3.0.*, !=3.1.*, !=3.2.*, !=3.3.*, !=3.4.*"
version = "7.1.2"

[[package]]
category = "dev"
description = "Code coverage measurement for Python"
name = "coverage"
optional = false
python-versions = ">=2.7, !=3.0.*, !=3.1.*, !=3.2.*, !=3.3.*, !=3.4.*, <4"
version = "5.1"

[package.extras]
toml = ["toml"]

[[package]]
category = "main"
description = "Docutils -- Python Documentation Utilities"
name = "docutils"
optional = false
python-versions = ">=2.6, !=3.0.*, !=3.1.*, !=3.2.*"
version = "0.15.2"

[[package]]
category = "main"
description = "Module for converting between datetime.timedelta and Go's Duration strings."
name = "durationpy"
optional = false
python-versions = "*"
version = "0.5"

[[package]]
category = "main"
description = "A simple framework for building complex web applications."
name = "flask"
optional = false
python-versions = ">=2.7, !=3.0.*, !=3.1.*, !=3.2.*, !=3.3.*, !=3.4.*"
version = "1.1.2"

[package.dependencies]
Jinja2 = ">=2.10.1"
Werkzeug = ">=0.15"
click = ">=5.1"
itsdangerous = ">=0.24"

[package.extras]
dev = ["pytest", "coverage", "tox", "sphinx", "pallets-sphinx-themes", "sphinxcontrib-log-cabinet", "sphinx-issues"]
docs = ["sphinx", "pallets-sphinx-themes", "sphinxcontrib-log-cabinet", "sphinx-issues"]
dotenv = ["python-dotenv"]

[[package]]
category = "main"
description = "A Flask extension adding a decorator for CORS support"
name = "flask-cors"
optional = false
python-versions = "*"
version = "3.0.8"

[package.dependencies]
Flask = ">=0.9"
Six = "*"

[[package]]
category = "main"
description = "SQLAlchemy database migrations for Flask applications using Alembic"
name = "flask-migrate"
optional = false
python-versions = "*"
version = "2.5.3"

[package.dependencies]
Flask = ">=0.9"
Flask-SQLAlchemy = ">=1.0"
alembic = ">=0.7"

[[package]]
category = "main"
description = "Fully featured framework for fast, easy and documented API development with Flask"
name = "flask-restx"
optional = false
python-versions = "*"
version = "0.2.0"

[package.dependencies]
Flask = ">=0.8"
aniso8601 = ">=0.82"
jsonschema = "*"
pytz = "*"
six = ">=1.3.0"
werkzeug = "*"

[package.extras]
dev = ["blinker", "Faker (2.0.0)", "mock (3.0.5)", "pytest-benchmark (3.2.2)", "pytest-cov (2.7.1)", "pytest-flask (0.15.1)", "pytest-mock (1.10.4)", "pytest-profiling (1.7.0)", "tzlocal", "invoke (1.3.0)", "readme-renderer (24.0)", "twine (1.15.0)", "tox (3.13.2)", "pytest (4.6.5)", "pytest (5.4.1)", "ossaudit", "black (19.10b0)"]
doc = ["alabaster (0.7.12)", "Sphinx (2.1.2)", "sphinx-issues (1.2.0)"]
test = ["blinker", "Faker (2.0.0)", "mock (3.0.5)", "pytest-benchmark (3.2.2)", "pytest-cov (2.7.1)", "pytest-flask (0.15.1)", "pytest-mock (1.10.4)", "pytest-profiling (1.7.0)", "tzlocal", "invoke (1.3.0)", "readme-renderer (24.0)", "twine (1.15.0)", "pytest (4.6.5)", "pytest (5.4.1)", "ossaudit"]

[[package]]
category = "main"
description = "Scripting support for Flask"
name = "flask-script"
optional = false
python-versions = "*"
version = "2.0.6"

[package.dependencies]
Flask = "*"

[[package]]
category = "main"
description = "Adds SQLAlchemy support to your Flask application."
name = "flask-sqlalchemy"
optional = false
python-versions = ">= 2.7, != 3.0.*, != 3.1.*, != 3.2.*, != 3.3.*"
version = "2.4.3"

[package.dependencies]
Flask = ">=0.10"
SQLAlchemy = ">=0.8.0"

[[package]]
category = "main"
description = "Clean single-source support for Python 3 and 2"
name = "future"
optional = false
python-versions = ">=2.6, !=3.0.*, !=3.1.*, !=3.2.*"
version = "0.18.2"

[[package]]
category = "main"
description = "Hjson, a user interface for JSON."
name = "hjson"
optional = false
python-versions = "*"
version = "3.0.1"

[[package]]
category = "main"
description = "Internationalized Domain Names in Applications (IDNA)"
name = "idna"
optional = false
python-versions = ">=2.7, !=3.0.*, !=3.1.*, !=3.2.*, !=3.3.*"
version = "2.10"

[[package]]
category = "main"
description = "Various helpers to pass data to untrusted environments and back."
name = "itsdangerous"
optional = false
python-versions = ">=2.7, !=3.0.*, !=3.1.*, !=3.2.*, !=3.3.*"
version = "1.1.0"

[[package]]
category = "main"
description = "A very fast and expressive template engine."
name = "jinja2"
optional = false
python-versions = ">=2.7, !=3.0.*, !=3.1.*, !=3.2.*, !=3.3.*, !=3.4.*"
version = "2.11.2"

[package.dependencies]
MarkupSafe = ">=0.23"

[package.extras]
i18n = ["Babel (>=0.8)"]

[[package]]
category = "main"
description = "JSON Matching Expressions"
name = "jmespath"
optional = false
python-versions = ">=2.6, !=3.0.*, !=3.1.*, !=3.2.*"
version = "0.10.0"

[[package]]
category = "main"
description = "An implementation of JSON Schema validation for Python"
name = "jsonschema"
optional = false
python-versions = "*"
version = "3.2.0"

[package.dependencies]
attrs = ">=17.4.0"
pyrsistent = ">=0.14.0"
setuptools = "*"
six = ">=1.11.0"

[package.extras]
format = ["idna", "jsonpointer (>1.13)", "rfc3987", "strict-rfc3339", "webcolors"]
format_nongpl = ["idna", "jsonpointer (>1.13)", "webcolors", "rfc3986-validator (>0.1.0)", "rfc3339-validator"]

[[package]]
category = "main"
description = "A CLI tool for AWS Lambda developers"
name = "kappa"
optional = false
python-versions = "*"
version = "0.6.0"

[package.dependencies]
PyYAML = ">=3.11"
boto3 = ">=1.2.3"
click = ">=5.1"
placebo = ">=0.8.1"

[[package]]
category = "main"
description = "A super-fast templating language that borrows the  best ideas from the existing templating languages."
name = "mako"
optional = false
python-versions = ">=2.7, !=3.0.*, !=3.1.*, !=3.2.*, !=3.3.*"
version = "1.1.3"

[package.dependencies]
MarkupSafe = ">=0.9.2"

[package.extras]
babel = ["babel"]
lingua = ["lingua"]

[[package]]
category = "main"
description = "Safely add untrusted strings to HTML/XML markup."
name = "markupsafe"
optional = false
python-versions = ">=2.7,!=3.0.*,!=3.1.*,!=3.2.*,!=3.3.*"
version = "1.1.1"

[[package]]
category = "main"
description = "pip-tools keeps your pinned dependencies fresh."
name = "pip-tools"
optional = false
python-versions = "!=3.0.*,!=3.1.*,!=3.2.*,!=3.3.*,!=3.4.*,>=2.7"
version = "5.2.1"

[package.dependencies]
click = ">=7"
pip = ">=20.0"
six = "*"

[package.extras]
coverage = ["pytest-cov"]
testing = ["mock", "pytest", "pytest-rerunfailures"]

[[package]]
category = "main"
description = "Make boto3 calls that look real but have no effect"
name = "placebo"
optional = false
python-versions = "*"
version = "0.9.0"

[[package]]
category = "main"
description = "psycopg2 - Python-PostgreSQL Database Adapter"
name = "psycopg2-binary"
optional = false
python-versions = ">=2.7,!=3.0.*,!=3.1.*,!=3.2.*,!=3.3.*"
version = "2.8.5"

[[package]]
category = "main"
description = "Persistent/Functional/Immutable data structures"
name = "pyrsistent"
optional = false
python-versions = "*"
version = "0.16.0"

[package.dependencies]
six = "*"

[[package]]
category = "main"
description = "Extensions to the standard Python datetime module"
name = "python-dateutil"
optional = false
python-versions = "*"
version = "2.6.1"

[package.dependencies]
six = ">=1.5"

[[package]]
category = "dev"
description = "Add .env support to your django/flask apps in development and deployments"
name = "python-dotenv"
optional = false
python-versions = "*"
version = "0.14.0"

[package.extras]
cli = ["click (>=5.0)"]

[[package]]
category = "main"
description = "Programmatically open an editor, capture the result."
name = "python-editor"
optional = false
python-versions = "*"
version = "1.0.4"

[[package]]
category = "main"
description = "A Python Slugify application that handles Unicode"
name = "python-slugify"
optional = false
python-versions = ">=2.7, !=3.0.*, !=3.1.*, !=3.2.*, !=3.3.*, !=3.4.*"
version = "4.0.1"

[package.dependencies]
text-unidecode = ">=1.3"

[package.extras]
unidecode = ["Unidecode (>=1.1.1)"]

[[package]]
category = "main"
description = "World timezone definitions, modern and historical"
name = "pytz"
optional = false
python-versions = "*"
version = "2020.1"

[[package]]
category = "main"
description = "YAML parser and emitter for Python"
name = "pyyaml"
optional = false
python-versions = ">=2.7, !=3.0.*, !=3.1.*, !=3.2.*, !=3.3.*, !=3.4.*"
version = "5.3.1"

[[package]]
category = "main"
description = "Python HTTP for Humans."
name = "requests"
optional = false
python-versions = ">=2.7, !=3.0.*, !=3.1.*, !=3.2.*, !=3.3.*, !=3.4.*"
version = "2.24.0"

[package.dependencies]
certifi = ">=2017.4.17"
chardet = ">=3.0.2,<4"
idna = ">=2.5,<3"
urllib3 = ">=1.21.1,<1.25.0 || >1.25.0,<1.25.1 || >1.25.1,<1.26"

[package.extras]
security = ["pyOpenSSL (>=0.14)", "cryptography (>=1.3.4)"]
socks = ["PySocks (>=1.5.6,<1.5.7 || >1.5.7)", "win-inet-pton"]

[[package]]
category = "main"
description = "An Amazon S3 Transfer Manager"
name = "s3transfer"
optional = false
python-versions = "*"
version = "0.3.3"

[package.dependencies]
botocore = ">=1.12.36,<2.0a.0"

[[package]]
category = "main"
description = "Python 2 and 3 compatibility utilities"
name = "six"
optional = false
python-versions = ">=2.7, !=3.0.*, !=3.1.*, !=3.2.*"
version = "1.15.0"

[[package]]
category = "main"
description = "Database Abstraction Library"
name = "sqlalchemy"
optional = false
python-versions = ">=2.7, !=3.0.*, !=3.1.*, !=3.2.*, !=3.3.*"
version = "1.3.18"

[package.extras]
mssql = ["pyodbc"]
mssql_pymssql = ["pymssql"]
mssql_pyodbc = ["pyodbc"]
mysql = ["mysqlclient"]
oracle = ["cx-oracle"]
postgresql = ["psycopg2"]
postgresql_pg8000 = ["pg8000"]
postgresql_psycopg2binary = ["psycopg2-binary"]
postgresql_psycopg2cffi = ["psycopg2cffi"]
pymysql = ["pymysql"]

[[package]]
category = "main"
description = "The most basic Text::Unidecode port"
name = "text-unidecode"
optional = false
python-versions = "*"
version = "1.3"

[[package]]
category = "main"
description = "Python Library for Tom's Obvious, Minimal Language"
name = "toml"
optional = false
python-versions = "*"
version = "0.10.1"

[[package]]
category = "main"
description = "Fast, Extensible Progress Meter"
name = "tqdm"
optional = false
python-versions = ">=2.6, !=3.0.*, !=3.1.*"
version = "4.47.0"

[package.extras]
dev = ["py-make (>=0.1.0)", "twine", "argopt", "pydoc-markdown"]

[[package]]
category = "main"
description = "AWS CloudFormation creation library"
name = "troposphere"
optional = false
python-versions = ">=2.7, !=3.0.*, !=3.1.*, !=3.2.*, !=3.3.*"
version = "2.6.1"

[package.dependencies]
cfn_flip = ">=1.0.2"

[package.extras]
policy = ["awacs (>=0.8)"]

[[package]]
category = "main"
description = "HTTP library with thread-safe connection pooling, file post, and more."
name = "urllib3"
optional = false
python-versions = ">=2.7, !=3.0.*, !=3.1.*, !=3.2.*, !=3.3.*, !=3.4.*, <4"
version = "1.25.9"

[package.extras]
brotli = ["brotlipy (>=0.6.0)"]
secure = ["certifi", "cryptography (>=1.3.4)", "idna (>=2.0.0)", "pyOpenSSL (>=0.14)", "ipaddress"]
socks = ["PySocks (>=1.5.6,<1.5.7 || >1.5.7,<2.0)"]

[[package]]
category = "main"
description = "The comprehensive WSGI web application library."
name = "werkzeug"
optional = false
python-versions = ">=2.7, !=3.0.*, !=3.1.*, !=3.2.*, !=3.3.*"
version = "0.16.1"

[package.extras]
dev = ["pytest", "coverage", "tox", "sphinx", "pallets-sphinx-themes", "sphinx-issues"]
termcolor = ["termcolor"]
watchdog = ["watchdog"]

[[package]]
category = "main"
description = "A built-package format for Python"
name = "wheel"
optional = false
python-versions = ">=2.7, !=3.0.*, !=3.1.*, !=3.2.*, !=3.3.*, !=3.4.*"
version = "0.34.2"

[package.extras]
test = ["pytest (>=3.0.0)", "pytest-cov"]

[[package]]
category = "main"
description = "Apache-like combined logging for WSGI Web Applications"
name = "wsgi-request-logger"
optional = false
python-versions = "*"
version = "0.4.6"

[[package]]
category = "main"
description = "Server-less Python Web Services for AWS Lambda and API Gateway"
name = "zappa"
optional = false
python-versions = "*"
version = "0.51.0"

[package.dependencies]
PyYAML = "*"
Werkzeug = "<1.0"
argcomplete = "*"
boto3 = "*"
durationpy = "*"
future = "*"
hjson = "*"
jmespath = "*"
kappa = "0.6.0"
pip = ">=9.0.1"
pip-tools = "*"
python-dateutil = "<2.7.0"
python-slugify = "*"
requests = ">=2.20.0"
six = "*"
toml = "*"
tqdm = "*"
troposphere = "*"
wheel = "*"
wsgi-request-logger = "*"

[metadata]
content-hash = "196b44f24bcee3591987aec8aa8ef5a5a0473f1a750e23eb1d91edeccc2d10d2"
python-versions = "^3.8"

[metadata.files]
alembic = [
    {file = "alembic-1.4.2.tar.gz", hash = "sha256:035ab00497217628bf5d0be82d664d8713ab13d37b630084da8e1f98facf4dbf"},
]
aniso8601 = [
    {file = "aniso8601-8.0.0-py2.py3-none-any.whl", hash = "sha256:c033f63d028b9a58e3ab0c2c7d0532ab4bfa7452bfc788fbfe3ddabd327b181a"},
    {file = "aniso8601-8.0.0.tar.gz", hash = "sha256:529dcb1f5f26ee0df6c0a1ee84b7b27197c3c50fc3a6321d66c544689237d072"},
]
argcomplete = [
    {file = "argcomplete-1.11.1-py2.py3-none-any.whl", hash = "sha256:890bdd1fcbb973ed73db241763e78b6d958580e588c2910b508c770a59ef37d7"},
    {file = "argcomplete-1.11.1.tar.gz", hash = "sha256:5ae7b601be17bf38a749ec06aa07fb04e7b6b5fc17906948dc1866e7facf3740"},
]
attrs = [
    {file = "attrs-19.3.0-py2.py3-none-any.whl", hash = "sha256:08a96c641c3a74e44eb59afb61a24f2cb9f4d7188748e76ba4bb5edfa3cb7d1c"},
    {file = "attrs-19.3.0.tar.gz", hash = "sha256:f7b7ce16570fe9965acd6d30101a28f62fb4a7f9e926b3bbc9b61f8b04247e72"},
]
boto3 = [
    {file = "boto3-1.14.16-py2.py3-none-any.whl", hash = "sha256:c2a223f4b48782e8b160b2130265e2a66081df111f630a5a384d6909e29a5aa9"},
    {file = "boto3-1.14.16.tar.gz", hash = "sha256:ce5a4ab6af9e993d1864209cbbb6f4812f65fbc57ad6b95e5967d8bf38b1dcfb"},
]
botocore = [
    {file = "botocore-1.17.16-py2.py3-none-any.whl", hash = "sha256:99d995ef99cf77458a661f3fc64e0c3a4ce77ca30facfdf0472f44b2953dd856"},
    {file = "botocore-1.17.16.tar.gz", hash = "sha256:fe0c4f7cd6b67eff3b7cb8dff6709a65d6fca10b7b7449a493b2036915e98b4c"},
]
certifi = [
    {file = "certifi-2020.6.20-py2.py3-none-any.whl", hash = "sha256:8fc0819f1f30ba15bdb34cceffb9ef04d99f420f68eb75d901e9560b8749fc41"},
    {file = "certifi-2020.6.20.tar.gz", hash = "sha256:5930595817496dd21bb8dc35dad090f1c2cd0adfaf21204bf6732ca5d8ee34d3"},
]
cfn-flip = [
    {file = "cfn_flip-1.2.3.tar.gz", hash = "sha256:2bed32a1f4dca26dc64178d52511fd4ef778b5ccbcf32559cac884ace75bde6a"},
]
chardet = [
    {file = "chardet-3.0.4-py2.py3-none-any.whl", hash = "sha256:fc323ffcaeaed0e0a02bf4d117757b98aed530d9ed4531e3e15460124c106691"},
    {file = "chardet-3.0.4.tar.gz", hash = "sha256:84ab92ed1c4d4f16916e05906b6b75a6c0fb5db821cc65e70cbd64a3e2a5eaae"},
]
click = [
    {file = "click-7.1.2-py2.py3-none-any.whl", hash = "sha256:dacca89f4bfadd5de3d7489b7c8a566eee0d3676333fbb50030263894c38c0dc"},
    {file = "click-7.1.2.tar.gz", hash = "sha256:d2b5255c7c6349bc1bd1e59e08cd12acbbd63ce649f2588755783aa94dfb6b1a"},
]
coverage = [
    {file = "coverage-5.1-cp27-cp27m-macosx_10_12_x86_64.whl", hash = "sha256:0cb4be7e784dcdc050fc58ef05b71aa8e89b7e6636b99967fadbdba694cf2b65"},
    {file = "coverage-5.1-cp27-cp27m-macosx_10_13_intel.whl", hash = "sha256:c317eaf5ff46a34305b202e73404f55f7389ef834b8dbf4da09b9b9b37f76dd2"},
    {file = "coverage-5.1-cp27-cp27m-manylinux1_i686.whl", hash = "sha256:b83835506dfc185a319031cf853fa4bb1b3974b1f913f5bb1a0f3d98bdcded04"},
    {file = "coverage-5.1-cp27-cp27m-manylinux1_x86_64.whl", hash = "sha256:5f2294dbf7875b991c381e3d5af2bcc3494d836affa52b809c91697449d0eda6"},
    {file = "coverage-5.1-cp27-cp27m-win32.whl", hash = "sha256:de807ae933cfb7f0c7d9d981a053772452217df2bf38e7e6267c9cbf9545a796"},
    {file = "coverage-5.1-cp27-cp27m-win_amd64.whl", hash = "sha256:bf9cb9a9fd8891e7efd2d44deb24b86d647394b9705b744ff6f8261e6f29a730"},
    {file = "coverage-5.1-cp27-cp27mu-manylinux1_i686.whl", hash = "sha256:acf3763ed01af8410fc36afea23707d4ea58ba7e86a8ee915dfb9ceff9ef69d0"},
    {file = "coverage-5.1-cp27-cp27mu-manylinux1_x86_64.whl", hash = "sha256:dec5202bfe6f672d4511086e125db035a52b00f1648d6407cc8e526912c0353a"},
    {file = "coverage-5.1-cp35-cp35m-macosx_10_12_x86_64.whl", hash = "sha256:7a5bdad4edec57b5fb8dae7d3ee58622d626fd3a0be0dfceda162a7035885ecf"},
    {file = "coverage-5.1-cp35-cp35m-manylinux1_i686.whl", hash = "sha256:1601e480b9b99697a570cea7ef749e88123c04b92d84cedaa01e117436b4a0a9"},
    {file = "coverage-5.1-cp35-cp35m-manylinux1_x86_64.whl", hash = "sha256:dbe8c6ae7534b5b024296464f387d57c13caa942f6d8e6e0346f27e509f0f768"},
    {file = "coverage-5.1-cp35-cp35m-win32.whl", hash = "sha256:a027ef0492ede1e03a8054e3c37b8def89a1e3c471482e9f046906ba4f2aafd2"},
    {file = "coverage-5.1-cp35-cp35m-win_amd64.whl", hash = "sha256:0e61d9803d5851849c24f78227939c701ced6704f337cad0a91e0972c51c1ee7"},
    {file = "coverage-5.1-cp36-cp36m-macosx_10_13_x86_64.whl", hash = "sha256:2d27a3f742c98e5c6b461ee6ef7287400a1956c11421eb574d843d9ec1f772f0"},
    {file = "coverage-5.1-cp36-cp36m-manylinux1_i686.whl", hash = "sha256:66460ab1599d3cf894bb6baee8c684788819b71a5dc1e8fa2ecc152e5d752019"},
    {file = "coverage-5.1-cp36-cp36m-manylinux1_x86_64.whl", hash = "sha256:5c542d1e62eece33c306d66fe0a5c4f7f7b3c08fecc46ead86d7916684b36d6c"},
    {file = "coverage-5.1-cp36-cp36m-win32.whl", hash = "sha256:2742c7515b9eb368718cd091bad1a1b44135cc72468c731302b3d641895b83d1"},
    {file = "coverage-5.1-cp36-cp36m-win_amd64.whl", hash = "sha256:dead2ddede4c7ba6cb3a721870f5141c97dc7d85a079edb4bd8d88c3ad5b20c7"},
    {file = "coverage-5.1-cp37-cp37m-macosx_10_13_x86_64.whl", hash = "sha256:01333e1bd22c59713ba8a79f088b3955946e293114479bbfc2e37d522be03355"},
    {file = "coverage-5.1-cp37-cp37m-manylinux1_i686.whl", hash = "sha256:e1ea316102ea1e1770724db01998d1603ed921c54a86a2efcb03428d5417e489"},
    {file = "coverage-5.1-cp37-cp37m-manylinux1_x86_64.whl", hash = "sha256:adeb4c5b608574a3d647011af36f7586811a2c1197c861aedb548dd2453b41cd"},
    {file = "coverage-5.1-cp37-cp37m-win32.whl", hash = "sha256:782caea581a6e9ff75eccda79287daefd1d2631cc09d642b6ee2d6da21fc0a4e"},
    {file = "coverage-5.1-cp37-cp37m-win_amd64.whl", hash = "sha256:00f1d23f4336efc3b311ed0d807feb45098fc86dee1ca13b3d6768cdab187c8a"},
    {file = "coverage-5.1-cp38-cp38-macosx_10_13_x86_64.whl", hash = "sha256:402e1744733df483b93abbf209283898e9f0d67470707e3c7516d84f48524f55"},
    {file = "coverage-5.1-cp38-cp38-manylinux1_i686.whl", hash = "sha256:a3f3654d5734a3ece152636aad89f58afc9213c6520062db3978239db122f03c"},
    {file = "coverage-5.1-cp38-cp38-manylinux1_x86_64.whl", hash = "sha256:6402bd2fdedabbdb63a316308142597534ea8e1895f4e7d8bf7476c5e8751fef"},
    {file = "coverage-5.1-cp38-cp38-win32.whl", hash = "sha256:8fa0cbc7ecad630e5b0f4f35b0f6ad419246b02bc750de7ac66db92667996d24"},
    {file = "coverage-5.1-cp38-cp38-win_amd64.whl", hash = "sha256:79a3cfd6346ce6c13145731d39db47b7a7b859c0272f02cdb89a3bdcbae233a0"},
    {file = "coverage-5.1-cp39-cp39-win32.whl", hash = "sha256:a82b92b04a23d3c8a581fc049228bafde988abacba397d57ce95fe95e0338ab4"},
    {file = "coverage-5.1-cp39-cp39-win_amd64.whl", hash = "sha256:bb28a7245de68bf29f6fb199545d072d1036a1917dca17a1e75bbb919e14ee8e"},
    {file = "coverage-5.1.tar.gz", hash = "sha256:f90bfc4ad18450c80b024036eaf91e4a246ae287701aaa88eaebebf150868052"},
]
docutils = [
    {file = "docutils-0.15.2-py2-none-any.whl", hash = "sha256:9e4d7ecfc600058e07ba661411a2b7de2fd0fafa17d1a7f7361cd47b1175c827"},
    {file = "docutils-0.15.2-py3-none-any.whl", hash = "sha256:6c4f696463b79f1fb8ba0c594b63840ebd41f059e92b31957c46b74a4599b6d0"},
    {file = "docutils-0.15.2.tar.gz", hash = "sha256:a2aeea129088da402665e92e0b25b04b073c04b2dce4ab65caaa38b7ce2e1a99"},
]
durationpy = [
    {file = "durationpy-0.5.tar.gz", hash = "sha256:5ef9416b527b50d722f34655becfb75e49228eb82f87b855ed1911b3314b5408"},
]
flask = [
    {file = "Flask-1.1.2-py2.py3-none-any.whl", hash = "sha256:8a4fdd8936eba2512e9c85df320a37e694c93945b33ef33c89946a340a238557"},
    {file = "Flask-1.1.2.tar.gz", hash = "sha256:4efa1ae2d7c9865af48986de8aeb8504bf32c7f3d6fdc9353d34b21f4b127060"},
]
flask-cors = [
    {file = "Flask-Cors-3.0.8.tar.gz", hash = "sha256:72170423eb4612f0847318afff8c247b38bd516b7737adfc10d1c2cdbb382d16"},
    {file = "Flask_Cors-3.0.8-py2.py3-none-any.whl", hash = "sha256:f4d97201660e6bbcff2d89d082b5b6d31abee04b1b3003ee073a6fd25ad1d69a"},
]
flask-migrate = [
    {file = "Flask-Migrate-2.5.3.tar.gz", hash = "sha256:a69d508c2e09d289f6e55a417b3b8c7bfe70e640f53d2d9deb0d056a384f37ee"},
    {file = "Flask_Migrate-2.5.3-py2.py3-none-any.whl", hash = "sha256:4dc4a5cce8cbbb06b8dc963fd86cf8136bd7d875aabe2d840302ea739b243732"},
]
flask-restx = [
    {file = "flask-restx-0.2.0.tar.gz", hash = "sha256:ca87a1808333f4ec5a50a5740b44e6cd3879a4b940d559df3996877ec4a2f2a5"},
    {file = "flask_restx-0.2.0-py2.py3-none-any.whl", hash = "sha256:a1653da19ca0b5e5c2ea59bd5f4639a7749e6a9b882f459de1814ed37872253b"},
]
flask-script = [
    {file = "Flask-Script-2.0.6.tar.gz", hash = "sha256:6425963d91054cfcc185807141c7314a9c5ad46325911bd24dcb489bd0161c65"},
]
flask-sqlalchemy = [
    {file = "Flask-SQLAlchemy-2.4.3.tar.gz", hash = "sha256:0b656fbf87c5f24109d859bafa791d29751fabbda2302b606881ae5485b557a5"},
    {file = "Flask_SQLAlchemy-2.4.3-py2.py3-none-any.whl", hash = "sha256:fcfe6df52cd2ed8a63008ca36b86a51fa7a4b70cef1c39e5625f722fca32308e"},
]
future = [
    {file = "future-0.18.2.tar.gz", hash = "sha256:b1bead90b70cf6ec3f0710ae53a525360fa360d306a86583adc6bf83a4db537d"},
]
hjson = [
    {file = "hjson-3.0.1.tar.gz", hash = "sha256:1d1727faa6aaef2973921877125a3ab7c5f6d34b93233179d01770f41fab51f9"},
]
idna = [
    {file = "idna-2.10-py2.py3-none-any.whl", hash = "sha256:b97d804b1e9b523befed77c48dacec60e6dcb0b5391d57af6a65a312a90648c0"},
    {file = "idna-2.10.tar.gz", hash = "sha256:b307872f855b18632ce0c21c5e45be78c0ea7ae4c15c828c20788b26921eb3f6"},
]
itsdangerous = [
    {file = "itsdangerous-1.1.0-py2.py3-none-any.whl", hash = "sha256:b12271b2047cb23eeb98c8b5622e2e5c5e9abd9784a153e9d8ef9cb4dd09d749"},
    {file = "itsdangerous-1.1.0.tar.gz", hash = "sha256:321b033d07f2a4136d3ec762eac9f16a10ccd60f53c0c91af90217ace7ba1f19"},
]
jinja2 = [
    {file = "Jinja2-2.11.2-py2.py3-none-any.whl", hash = "sha256:f0a4641d3cf955324a89c04f3d94663aa4d638abe8f733ecd3582848e1c37035"},
    {file = "Jinja2-2.11.2.tar.gz", hash = "sha256:89aab215427ef59c34ad58735269eb58b1a5808103067f7bb9d5836c651b3bb0"},
]
jmespath = [
    {file = "jmespath-0.10.0-py2.py3-none-any.whl", hash = "sha256:cdf6525904cc597730141d61b36f2e4b8ecc257c420fa2f4549bac2c2d0cb72f"},
    {file = "jmespath-0.10.0.tar.gz", hash = "sha256:b85d0567b8666149a93172712e68920734333c0ce7e89b78b3e987f71e5ed4f9"},
]
jsonschema = [
    {file = "jsonschema-3.2.0-py2.py3-none-any.whl", hash = "sha256:4e5b3cf8216f577bee9ce139cbe72eca3ea4f292ec60928ff24758ce626cd163"},
    {file = "jsonschema-3.2.0.tar.gz", hash = "sha256:c8a85b28d377cc7737e46e2d9f2b4f44ee3c0e1deac6bf46ddefc7187d30797a"},
]
kappa = [
    {file = "kappa-0.6.0-py2-none-any.whl", hash = "sha256:4d6b7b3accce4a0aaaac92b36237a6304f0f2fffbbe3caea3f7c9f52d12c9989"},
    {file = "kappa-0.6.0.tar.gz", hash = "sha256:4b5b372872f25d619e427e04282551048dc975a107385b076b3ffc6406a15833"},
]
mako = [
    {file = "Mako-1.1.3-py2.py3-none-any.whl", hash = "sha256:93729a258e4ff0747c876bd9e20df1b9758028946e976324ccd2d68245c7b6a9"},
    {file = "Mako-1.1.3.tar.gz", hash = "sha256:8195c8c1400ceb53496064314c6736719c6f25e7479cd24c77be3d9361cddc27"},
]
markupsafe = [
    {file = "MarkupSafe-1.1.1-cp27-cp27m-macosx_10_6_intel.whl", hash = "sha256:09027a7803a62ca78792ad89403b1b7a73a01c8cb65909cd876f7fcebd79b161"},
    {file = "MarkupSafe-1.1.1-cp27-cp27m-manylinux1_i686.whl", hash = "sha256:e249096428b3ae81b08327a63a485ad0878de3fb939049038579ac0ef61e17e7"},
    {file = "MarkupSafe-1.1.1-cp27-cp27m-manylinux1_x86_64.whl", hash = "sha256:500d4957e52ddc3351cabf489e79c91c17f6e0899158447047588650b5e69183"},
    {file = "MarkupSafe-1.1.1-cp27-cp27m-win32.whl", hash = "sha256:b2051432115498d3562c084a49bba65d97cf251f5a331c64a12ee7e04dacc51b"},
    {file = "MarkupSafe-1.1.1-cp27-cp27m-win_amd64.whl", hash = "sha256:98c7086708b163d425c67c7a91bad6e466bb99d797aa64f965e9d25c12111a5e"},
    {file = "MarkupSafe-1.1.1-cp27-cp27mu-manylinux1_i686.whl", hash = "sha256:cd5df75523866410809ca100dc9681e301e3c27567cf498077e8551b6d20e42f"},
    {file = "MarkupSafe-1.1.1-cp27-cp27mu-manylinux1_x86_64.whl", hash = "sha256:43a55c2930bbc139570ac2452adf3d70cdbb3cfe5912c71cdce1c2c6bbd9c5d1"},
    {file = "MarkupSafe-1.1.1-cp34-cp34m-macosx_10_6_intel.whl", hash = "sha256:1027c282dad077d0bae18be6794e6b6b8c91d58ed8a8d89a89d59693b9131db5"},
    {file = "MarkupSafe-1.1.1-cp34-cp34m-manylinux1_i686.whl", hash = "sha256:62fe6c95e3ec8a7fad637b7f3d372c15ec1caa01ab47926cfdf7a75b40e0eac1"},
    {file = "MarkupSafe-1.1.1-cp34-cp34m-manylinux1_x86_64.whl", hash = "sha256:88e5fcfb52ee7b911e8bb6d6aa2fd21fbecc674eadd44118a9cc3863f938e735"},
    {file = "MarkupSafe-1.1.1-cp34-cp34m-win32.whl", hash = "sha256:ade5e387d2ad0d7ebf59146cc00c8044acbd863725f887353a10df825fc8ae21"},
    {file = "MarkupSafe-1.1.1-cp34-cp34m-win_amd64.whl", hash = "sha256:09c4b7f37d6c648cb13f9230d847adf22f8171b1ccc4d5682398e77f40309235"},
    {file = "MarkupSafe-1.1.1-cp35-cp35m-macosx_10_6_intel.whl", hash = "sha256:79855e1c5b8da654cf486b830bd42c06e8780cea587384cf6545b7d9ac013a0b"},
    {file = "MarkupSafe-1.1.1-cp35-cp35m-manylinux1_i686.whl", hash = "sha256:c8716a48d94b06bb3b2524c2b77e055fb313aeb4ea620c8dd03a105574ba704f"},
    {file = "MarkupSafe-1.1.1-cp35-cp35m-manylinux1_x86_64.whl", hash = "sha256:7c1699dfe0cf8ff607dbdcc1e9b9af1755371f92a68f706051cc8c37d447c905"},
    {file = "MarkupSafe-1.1.1-cp35-cp35m-win32.whl", hash = "sha256:6dd73240d2af64df90aa7c4e7481e23825ea70af4b4922f8ede5b9e35f78a3b1"},
    {file = "MarkupSafe-1.1.1-cp35-cp35m-win_amd64.whl", hash = "sha256:9add70b36c5666a2ed02b43b335fe19002ee5235efd4b8a89bfcf9005bebac0d"},
    {file = "MarkupSafe-1.1.1-cp36-cp36m-macosx_10_6_intel.whl", hash = "sha256:24982cc2533820871eba85ba648cd53d8623687ff11cbb805be4ff7b4c971aff"},
    {file = "MarkupSafe-1.1.1-cp36-cp36m-manylinux1_i686.whl", hash = "sha256:00bc623926325b26bb9605ae9eae8a215691f33cae5df11ca5424f06f2d1f473"},
    {file = "MarkupSafe-1.1.1-cp36-cp36m-manylinux1_x86_64.whl", hash = "sha256:717ba8fe3ae9cc0006d7c451f0bb265ee07739daf76355d06366154ee68d221e"},
    {file = "MarkupSafe-1.1.1-cp36-cp36m-win32.whl", hash = "sha256:535f6fc4d397c1563d08b88e485c3496cf5784e927af890fb3c3aac7f933ec66"},
    {file = "MarkupSafe-1.1.1-cp36-cp36m-win_amd64.whl", hash = "sha256:b1282f8c00509d99fef04d8ba936b156d419be841854fe901d8ae224c59f0be5"},
    {file = "MarkupSafe-1.1.1-cp37-cp37m-macosx_10_6_intel.whl", hash = "sha256:8defac2f2ccd6805ebf65f5eeb132adcf2ab57aa11fdf4c0dd5169a004710e7d"},
    {file = "MarkupSafe-1.1.1-cp37-cp37m-manylinux1_i686.whl", hash = "sha256:46c99d2de99945ec5cb54f23c8cd5689f6d7177305ebff350a58ce5f8de1669e"},
    {file = "MarkupSafe-1.1.1-cp37-cp37m-manylinux1_x86_64.whl", hash = "sha256:ba59edeaa2fc6114428f1637ffff42da1e311e29382d81b339c1817d37ec93c6"},
    {file = "MarkupSafe-1.1.1-cp37-cp37m-win32.whl", hash = "sha256:b00c1de48212e4cc9603895652c5c410df699856a2853135b3967591e4beebc2"},
    {file = "MarkupSafe-1.1.1-cp37-cp37m-win_amd64.whl", hash = "sha256:9bf40443012702a1d2070043cb6291650a0841ece432556f784f004937f0f32c"},
    {file = "MarkupSafe-1.1.1-cp38-cp38-macosx_10_9_x86_64.whl", hash = "sha256:6788b695d50a51edb699cb55e35487e430fa21f1ed838122d722e0ff0ac5ba15"},
    {file = "MarkupSafe-1.1.1-cp38-cp38-manylinux1_i686.whl", hash = "sha256:cdb132fc825c38e1aeec2c8aa9338310d29d337bebbd7baa06889d09a60a1fa2"},
    {file = "MarkupSafe-1.1.1-cp38-cp38-manylinux1_x86_64.whl", hash = "sha256:13d3144e1e340870b25e7b10b98d779608c02016d5184cfb9927a9f10c689f42"},
    {file = "MarkupSafe-1.1.1-cp38-cp38-win32.whl", hash = "sha256:596510de112c685489095da617b5bcbbac7dd6384aeebeda4df6025d0256a81b"},
    {file = "MarkupSafe-1.1.1-cp38-cp38-win_amd64.whl", hash = "sha256:e8313f01ba26fbbe36c7be1966a7b7424942f670f38e666995b88d012765b9be"},
    {file = "MarkupSafe-1.1.1.tar.gz", hash = "sha256:29872e92839765e546828bb7754a68c418d927cd064fd4708fab9fe9c8bb116b"},
]
pip-tools = [
    {file = "pip-tools-5.2.1.tar.gz", hash = "sha256:5b4b6e7b6e66357685c73e856296b4792b2d159ff6074729e250e291834bfd9d"},
    {file = "pip_tools-5.2.1-py2.py3-none-any.whl", hash = "sha256:1690bef5f0f714160c3aedacb03520e2359a78f7f9fa17e574cf8659cf2ef614"},
]
placebo = [
    {file = "placebo-0.9.0.tar.gz", hash = "sha256:03157f8527bbc2965b71b88f4a139ef8038618b346787f20d63e3c5da541b047"},
]
psycopg2-binary = [
    {file = "psycopg2-binary-2.8.5.tar.gz", hash = "sha256:ccdc6a87f32b491129ada4b87a43b1895cf2c20fdb7f98ad979647506ffc41b6"},
    {file = "psycopg2_binary-2.8.5-cp27-cp27m-macosx_10_6_intel.macosx_10_9_intel.macosx_10_9_x86_64.macosx_10_10_intel.macosx_10_10_x86_64.whl", hash = "sha256:96d3038f5bd061401996614f65d27a4ecb62d843eb4f48e212e6d129171a721f"},
    {file = "psycopg2_binary-2.8.5-cp27-cp27m-manylinux1_i686.whl", hash = "sha256:08507efbe532029adee21b8d4c999170a83760d38249936038bd0602327029b5"},
    {file = "psycopg2_binary-2.8.5-cp27-cp27m-manylinux1_x86_64.whl", hash = "sha256:b9a8b391c2b0321e0cd7ec6b4cfcc3dd6349347bd1207d48bcb752aa6c553a66"},
    {file = "psycopg2_binary-2.8.5-cp27-cp27m-win32.whl", hash = "sha256:3286541b9d85a340ee4ed42732d15fc1bb441dc500c97243a768154ab8505bb5"},
    {file = "psycopg2_binary-2.8.5-cp27-cp27m-win_amd64.whl", hash = "sha256:008da3ab51adc70a5f1cfbbe5db3a22607ab030eb44bcecf517ad11a0c2b3cac"},
    {file = "psycopg2_binary-2.8.5-cp27-cp27mu-manylinux1_i686.whl", hash = "sha256:ba13346ff6d3eb2dca0b6fa0d8a9d999eff3dcd9b55f3a890f12b0b6362b2b38"},
    {file = "psycopg2_binary-2.8.5-cp27-cp27mu-manylinux1_x86_64.whl", hash = "sha256:c8830b7d5f16fd79d39b21e3d94f247219036b29b30c8270314c46bf8b732389"},
    {file = "psycopg2_binary-2.8.5-cp34-cp34m-win32.whl", hash = "sha256:51f7823f1b087d2020d8e8c9e6687473d3d239ba9afc162d9b2ab6e80b53f9f9"},
    {file = "psycopg2_binary-2.8.5-cp34-cp34m-win_amd64.whl", hash = "sha256:107d9be3b614e52a192719c6bf32e8813030020ea1d1215daa86ded9a24d8b04"},
    {file = "psycopg2_binary-2.8.5-cp35-cp35m-macosx_10_6_intel.macosx_10_9_intel.macosx_10_9_x86_64.macosx_10_10_intel.macosx_10_10_x86_64.whl", hash = "sha256:930315ac53dc65cbf52ab6b6d27422611f5fb461d763c531db229c7e1af6c0b3"},
    {file = "psycopg2_binary-2.8.5-cp35-cp35m-manylinux1_i686.whl", hash = "sha256:6bb2dd006a46a4a4ce95201f836194eb6a1e863f69ee5bab506673e0ca767057"},
    {file = "psycopg2_binary-2.8.5-cp35-cp35m-manylinux1_x86_64.whl", hash = "sha256:3939cf75fc89c5e9ed836e228c4a63604dff95ad19aed2bbf71d5d04c15ed5ce"},
    {file = "psycopg2_binary-2.8.5-cp35-cp35m-win32.whl", hash = "sha256:a20299ee0ea2f9cca494396ac472d6e636745652a64a418b39522c120fd0a0a4"},
    {file = "psycopg2_binary-2.8.5-cp35-cp35m-win_amd64.whl", hash = "sha256:cc30cb900f42c8a246e2cb76539d9726f407330bc244ca7729c41a44e8d807fb"},
    {file = "psycopg2_binary-2.8.5-cp36-cp36m-macosx_10_6_intel.macosx_10_9_intel.macosx_10_9_x86_64.macosx_10_10_intel.macosx_10_10_x86_64.whl", hash = "sha256:40abc319f7f26c042a11658bf3dd3b0b3bceccf883ec1c565d5c909a90204434"},
    {file = "psycopg2_binary-2.8.5-cp36-cp36m-manylinux1_i686.whl", hash = "sha256:702f09d8f77dc4794651f650828791af82f7c2efd8c91ae79e3d9fe4bb7d4c98"},
    {file = "psycopg2_binary-2.8.5-cp36-cp36m-manylinux1_x86_64.whl", hash = "sha256:d1a8b01f6a964fec702d6b6dac1f91f2b9f9fe41b310cbb16c7ef1fac82df06d"},
    {file = "psycopg2_binary-2.8.5-cp36-cp36m-win32.whl", hash = "sha256:17a0ea0b0eabf07035e5e0d520dabc7950aeb15a17c6d36128ba99b2721b25b1"},
    {file = "psycopg2_binary-2.8.5-cp36-cp36m-win_amd64.whl", hash = "sha256:e004db88e5a75e5fdab1620fb9f90c9598c2a195a594225ac4ed2a6f1c23e162"},
    {file = "psycopg2_binary-2.8.5-cp37-cp37m-macosx_10_6_intel.macosx_10_9_intel.macosx_10_9_x86_64.macosx_10_10_intel.macosx_10_10_x86_64.whl", hash = "sha256:a34826d6465c2e2bbe9d0605f944f19d2480589f89863ed5f091943be27c9de4"},
    {file = "psycopg2_binary-2.8.5-cp37-cp37m-manylinux1_i686.whl", hash = "sha256:cac918cd7c4c498a60f5d2a61d4f0a6091c2c9490d81bc805c963444032d0dab"},
    {file = "psycopg2_binary-2.8.5-cp37-cp37m-manylinux1_x86_64.whl", hash = "sha256:7b832d76cc65c092abd9505cc670c4e3421fd136fb6ea5b94efbe4c146572505"},
    {file = "psycopg2_binary-2.8.5-cp37-cp37m-win32.whl", hash = "sha256:bb0608694a91db1e230b4a314e8ed00ad07ed0c518f9a69b83af2717e31291a3"},
    {file = "psycopg2_binary-2.8.5-cp37-cp37m-win_amd64.whl", hash = "sha256:eb2f43ae3037f1ef5e19339c41cf56947021ac892f668765cd65f8ab9814192e"},
    {file = "psycopg2_binary-2.8.5-cp38-cp38-macosx_10_9_x86_64.macosx_10_9_intel.macosx_10_10_intel.macosx_10_10_x86_64.whl", hash = "sha256:07cf82c870ec2d2ce94d18e70c13323c89f2f2a2628cbf1feee700630be2519a"},
    {file = "psycopg2_binary-2.8.5-cp38-cp38-manylinux1_i686.whl", hash = "sha256:a69970ee896e21db4c57e398646af9edc71c003bc52a3cc77fb150240fefd266"},
    {file = "psycopg2_binary-2.8.5-cp38-cp38-manylinux1_x86_64.whl", hash = "sha256:7036ccf715925251fac969f4da9ad37e4b7e211b1e920860148a10c0de963522"},
    {file = "psycopg2_binary-2.8.5-cp38-cp38-win32.whl", hash = "sha256:8f74e631b67482d504d7e9cf364071fc5d54c28e79a093ff402d5f8f81e23bfa"},
    {file = "psycopg2_binary-2.8.5-cp38-cp38-win_amd64.whl", hash = "sha256:fa466306fcf6b39b8a61d003123d442b23707d635a5cb05ac4e1b62cc79105cd"},
]
pyrsistent = [
    {file = "pyrsistent-0.16.0.tar.gz", hash = "sha256:28669905fe725965daa16184933676547c5bb40a5153055a8dee2a4bd7933ad3"},
]
python-dateutil = [
    {file = "python-dateutil-2.6.1.tar.gz", hash = "sha256:891c38b2a02f5bb1be3e4793866c8df49c7d19baabf9c1bad62547e0b4866aca"},
    {file = "python_dateutil-2.6.1-py2.py3-none-any.whl", hash = "sha256:95511bae634d69bc7329ba55e646499a842bc4ec342ad54a8cdb65645a0aad3c"},
]
python-dotenv = [
    {file = "python-dotenv-0.14.0.tar.gz", hash = "sha256:8c10c99a1b25d9a68058a1ad6f90381a62ba68230ca93966882a4dbc3bc9c33d"},
    {file = "python_dotenv-0.14.0-py2.py3-none-any.whl", hash = "sha256:c10863aee750ad720f4f43436565e4c1698798d763b63234fb5021b6c616e423"},
]
python-editor = [
    {file = "python-editor-1.0.4.tar.gz", hash = "sha256:51fda6bcc5ddbbb7063b2af7509e43bd84bfc32a4ff71349ec7847713882327b"},
    {file = "python_editor-1.0.4-py2-none-any.whl", hash = "sha256:5f98b069316ea1c2ed3f67e7f5df6c0d8f10b689964a4a811ff64f0106819ec8"},
    {file = "python_editor-1.0.4-py2.7.egg", hash = "sha256:ea87e17f6ec459e780e4221f295411462e0d0810858e055fc514684350a2f522"},
    {file = "python_editor-1.0.4-py3-none-any.whl", hash = "sha256:1bf6e860a8ad52a14c3ee1252d5dc25b2030618ed80c022598f00176adc8367d"},
    {file = "python_editor-1.0.4-py3.5.egg", hash = "sha256:c3da2053dbab6b29c94e43c486ff67206eafbe7eb52dbec7390b5e2fb05aac77"},
]
python-slugify = [
    {file = "python-slugify-4.0.1.tar.gz", hash = "sha256:69a517766e00c1268e5bbfc0d010a0a8508de0b18d30ad5a1ff357f8ae724270"},
]
pytz = [
    {file = "pytz-2020.1-py2.py3-none-any.whl", hash = "sha256:a494d53b6d39c3c6e44c3bec237336e14305e4f29bbf800b599253057fbb79ed"},
    {file = "pytz-2020.1.tar.gz", hash = "sha256:c35965d010ce31b23eeb663ed3cc8c906275d6be1a34393a1d73a41febf4a048"},
]
pyyaml = [
    {file = "PyYAML-5.3.1-cp27-cp27m-win32.whl", hash = "sha256:74809a57b329d6cc0fdccee6318f44b9b8649961fa73144a98735b0aaf029f1f"},
    {file = "PyYAML-5.3.1-cp27-cp27m-win_amd64.whl", hash = "sha256:240097ff019d7c70a4922b6869d8a86407758333f02203e0fc6ff79c5dcede76"},
    {file = "PyYAML-5.3.1-cp35-cp35m-win32.whl", hash = "sha256:4f4b913ca1a7319b33cfb1369e91e50354d6f07a135f3b901aca02aa95940bd2"},
    {file = "PyYAML-5.3.1-cp35-cp35m-win_amd64.whl", hash = "sha256:cc8955cfbfc7a115fa81d85284ee61147059a753344bc51098f3ccd69b0d7e0c"},
    {file = "PyYAML-5.3.1-cp36-cp36m-win32.whl", hash = "sha256:7739fc0fa8205b3ee8808aea45e968bc90082c10aef6ea95e855e10abf4a37b2"},
    {file = "PyYAML-5.3.1-cp36-cp36m-win_amd64.whl", hash = "sha256:69f00dca373f240f842b2931fb2c7e14ddbacd1397d57157a9b005a6a9942648"},
    {file = "PyYAML-5.3.1-cp37-cp37m-win32.whl", hash = "sha256:d13155f591e6fcc1ec3b30685d50bf0711574e2c0dfffd7644babf8b5102ca1a"},
    {file = "PyYAML-5.3.1-cp37-cp37m-win_amd64.whl", hash = "sha256:73f099454b799e05e5ab51423c7bcf361c58d3206fa7b0d555426b1f4d9a3eaf"},
    {file = "PyYAML-5.3.1-cp38-cp38-win32.whl", hash = "sha256:06a0d7ba600ce0b2d2fe2e78453a470b5a6e000a985dd4a4e54e436cc36b0e97"},
    {file = "PyYAML-5.3.1-cp38-cp38-win_amd64.whl", hash = "sha256:95f71d2af0ff4227885f7a6605c37fd53d3a106fcab511b8860ecca9fcf400ee"},
    {file = "PyYAML-5.3.1.tar.gz", hash = "sha256:b8eac752c5e14d3eca0e6dd9199cd627518cb5ec06add0de9d32baeee6fe645d"},
]
requests = [
    {file = "requests-2.24.0-py2.py3-none-any.whl", hash = "sha256:fe75cc94a9443b9246fc7049224f75604b113c36acb93f87b80ed42c44cbb898"},
    {file = "requests-2.24.0.tar.gz", hash = "sha256:b3559a131db72c33ee969480840fff4bb6dd111de7dd27c8ee1f820f4f00231b"},
]
s3transfer = [
    {file = "s3transfer-0.3.3-py2.py3-none-any.whl", hash = "sha256:2482b4259524933a022d59da830f51bd746db62f047d6eb213f2f8855dcb8a13"},
    {file = "s3transfer-0.3.3.tar.gz", hash = "sha256:921a37e2aefc64145e7b73d50c71bb4f26f46e4c9f414dc648c6245ff92cf7db"},
]
six = [
    {file = "six-1.15.0-py2.py3-none-any.whl", hash = "sha256:8b74bedcbbbaca38ff6d7491d76f2b06b3592611af620f8426e82dddb04a5ced"},
    {file = "six-1.15.0.tar.gz", hash = "sha256:30639c035cdb23534cd4aa2dd52c3bf48f06e5f4a941509c8bafd8ce11080259"},
]
sqlalchemy = [
    {file = "SQLAlchemy-1.3.18-cp27-cp27m-macosx_10_14_x86_64.whl", hash = "sha256:f11c2437fb5f812d020932119ba02d9e2bc29a6eca01a055233a8b449e3e1e7d"},
    {file = "SQLAlchemy-1.3.18-cp27-cp27m-manylinux1_x86_64.whl", hash = "sha256:0ec575db1b54909750332c2e335c2bb11257883914a03bc5a3306a4488ecc772"},
    {file = "SQLAlchemy-1.3.18-cp27-cp27m-manylinux2010_x86_64.whl", hash = "sha256:f57be5673e12763dd400fea568608700a63ce1c6bd5bdbc3cc3a2c5fdb045274"},
    {file = "SQLAlchemy-1.3.18-cp27-cp27m-win32.whl", hash = "sha256:8cac7bb373a5f1423e28de3fd5fc8063b9c8ffe8957dc1b1a59cb90453db6da1"},
    {file = "SQLAlchemy-1.3.18-cp27-cp27m-win_amd64.whl", hash = "sha256:adad60eea2c4c2a1875eb6305a0b6e61a83163f8e233586a4d6a55221ef984fe"},
    {file = "SQLAlchemy-1.3.18-cp27-cp27mu-manylinux1_x86_64.whl", hash = "sha256:57aa843b783179ab72e863512e14bdcba186641daf69e4e3a5761d705dcc35b1"},
    {file = "SQLAlchemy-1.3.18-cp27-cp27mu-manylinux2010_x86_64.whl", hash = "sha256:621f58cd921cd71ba6215c42954ffaa8a918eecd8c535d97befa1a8acad986dd"},
    {file = "SQLAlchemy-1.3.18-cp35-cp35m-macosx_10_14_x86_64.whl", hash = "sha256:fc728ece3d5c772c196fd338a99798e7efac7a04f9cb6416299a3638ee9a94cd"},
    {file = "SQLAlchemy-1.3.18-cp35-cp35m-manylinux1_x86_64.whl", hash = "sha256:736d41cfebedecc6f159fc4ac0769dc89528a989471dc1d378ba07d29a60ba1c"},
    {file = "SQLAlchemy-1.3.18-cp35-cp35m-manylinux2010_x86_64.whl", hash = "sha256:427273b08efc16a85aa2b39892817e78e3ed074fcb89b2a51c4979bae7e7ba98"},
    {file = "SQLAlchemy-1.3.18-cp35-cp35m-win32.whl", hash = "sha256:cbe1324ef52ff26ccde2cb84b8593c8bf930069dfc06c1e616f1bfd4e47f48a3"},
    {file = "SQLAlchemy-1.3.18-cp35-cp35m-win_amd64.whl", hash = "sha256:8fd452dc3d49b3cc54483e033de6c006c304432e6f84b74d7b2c68afa2569ae5"},
    {file = "SQLAlchemy-1.3.18-cp36-cp36m-macosx_10_14_x86_64.whl", hash = "sha256:e89e0d9e106f8a9180a4ca92a6adde60c58b1b0299e1b43bd5e0312f535fbf33"},
    {file = "SQLAlchemy-1.3.18-cp36-cp36m-manylinux1_x86_64.whl", hash = "sha256:6ac2558631a81b85e7fb7a44e5035347938b0a73f5fdc27a8566777d0792a6a4"},
    {file = "SQLAlchemy-1.3.18-cp36-cp36m-manylinux2010_x86_64.whl", hash = "sha256:87fad64529cde4f1914a5b9c383628e1a8f9e3930304c09cf22c2ae118a1280e"},
    {file = "SQLAlchemy-1.3.18-cp36-cp36m-win32.whl", hash = "sha256:e4624d7edb2576cd72bb83636cd71c8ce544d8e272f308bd80885056972ca299"},
    {file = "SQLAlchemy-1.3.18-cp36-cp36m-win_amd64.whl", hash = "sha256:89494df7f93b1836cae210c42864b292f9b31eeabca4810193761990dc689cce"},
    {file = "SQLAlchemy-1.3.18-cp37-cp37m-macosx_10_14_x86_64.whl", hash = "sha256:716754d0b5490bdcf68e1e4925edc02ac07209883314ad01a137642ddb2056f1"},
    {file = "SQLAlchemy-1.3.18-cp37-cp37m-manylinux1_x86_64.whl", hash = "sha256:50c4ee32f0e1581828843267d8de35c3298e86ceecd5e9017dc45788be70a864"},
    {file = "SQLAlchemy-1.3.18-cp37-cp37m-manylinux2010_x86_64.whl", hash = "sha256:d98bc827a1293ae767c8f2f18be3bb5151fd37ddcd7da2a5f9581baeeb7a3fa1"},
    {file = "SQLAlchemy-1.3.18-cp37-cp37m-win32.whl", hash = "sha256:0942a3a0df3f6131580eddd26d99071b48cfe5aaf3eab2783076fbc5a1c1882e"},
    {file = "SQLAlchemy-1.3.18-cp37-cp37m-win_amd64.whl", hash = "sha256:16593fd748944726540cd20f7e83afec816c2ac96b082e26ae226e8f7e9688cf"},
    {file = "SQLAlchemy-1.3.18-cp38-cp38-macosx_10_14_x86_64.whl", hash = "sha256:c26f95e7609b821b5f08a72dab929baa0d685406b953efd7c89423a511d5c413"},
    {file = "SQLAlchemy-1.3.18-cp38-cp38-manylinux1_x86_64.whl", hash = "sha256:512a85c3c8c3995cc91af3e90f38f460da5d3cade8dc3a229c8e0879037547c9"},
    {file = "SQLAlchemy-1.3.18-cp38-cp38-manylinux2010_x86_64.whl", hash = "sha256:d05c4adae06bd0c7f696ae3ec8d993ed8ffcc4e11a76b1b35a5af8a099bd2284"},
    {file = "SQLAlchemy-1.3.18-cp38-cp38-win32.whl", hash = "sha256:109581ccc8915001e8037b73c29590e78ce74be49ca0a3630a23831f9e3ed6c7"},
    {file = "SQLAlchemy-1.3.18-cp38-cp38-win_amd64.whl", hash = "sha256:8619b86cb68b185a778635be5b3e6018623c0761dde4df2f112896424aa27bd8"},
    {file = "SQLAlchemy-1.3.18.tar.gz", hash = "sha256:da2fb75f64792c1fc64c82313a00c728a7c301efe6a60b7a9fe35b16b4368ce7"},
]
text-unidecode = [
    {file = "text-unidecode-1.3.tar.gz", hash = "sha256:bad6603bb14d279193107714b288be206cac565dfa49aa5b105294dd5c4aab93"},
    {file = "text_unidecode-1.3-py2.py3-none-any.whl", hash = "sha256:1311f10e8b895935241623731c2ba64f4c455287888b18189350b67134a822e8"},
]
toml = [
    {file = "toml-0.10.1-py2.py3-none-any.whl", hash = "sha256:bda89d5935c2eac546d648028b9901107a595863cb36bae0c73ac804a9b4ce88"},
    {file = "toml-0.10.1.tar.gz", hash = "sha256:926b612be1e5ce0634a2ca03470f95169cf16f939018233a670519cb4ac58b0f"},
]
tqdm = [
    {file = "tqdm-4.47.0-py2.py3-none-any.whl", hash = "sha256:7810e627bcf9d983a99d9ff8a0c09674400fd2927eddabeadf153c14a2ec8656"},
    {file = "tqdm-4.47.0.tar.gz", hash = "sha256:63ef7a6d3eb39f80d6b36e4867566b3d8e5f1fe3d6cb50c5e9ede2b3198ba7b7"},
]
troposphere = [
    {file = "troposphere-2.6.1.tar.gz", hash = "sha256:a5423347ffbd431c397db02e90dffe3f0bcee199a3e67eae3a76ce5b6f758b7d"},
]
urllib3 = [
    {file = "urllib3-1.25.9-py2.py3-none-any.whl", hash = "sha256:88206b0eb87e6d677d424843ac5209e3fb9d0190d0ee169599165ec25e9d9115"},
    {file = "urllib3-1.25.9.tar.gz", hash = "sha256:3018294ebefce6572a474f0604c2021e33b3fd8006ecd11d62107a5d2a963527"},
]
werkzeug = [
    {file = "Werkzeug-0.16.1-py2.py3-none-any.whl", hash = "sha256:1e0dedc2acb1f46827daa2e399c1485c8fa17c0d8e70b6b875b4e7f54bf408d2"},
    {file = "Werkzeug-0.16.1.tar.gz", hash = "sha256:b353856d37dec59d6511359f97f6a4b2468442e454bd1c98298ddce53cac1f04"},
]
wheel = [
    {file = "wheel-0.34.2-py2.py3-none-any.whl", hash = "sha256:df277cb51e61359aba502208d680f90c0493adec6f0e848af94948778aed386e"},
    {file = "wheel-0.34.2.tar.gz", hash = "sha256:8788e9155fe14f54164c1b9eb0a319d98ef02c160725587ad60f14ddc57b6f96"},
]
wsgi-request-logger = [
    {file = "wsgi-request-logger-0.4.6.tar.gz", hash = "sha256:445d7ec52799562f812006394d0b4a7064b37084c6ea6bd74ea7a2136c97ed83"},
]
zappa = [
    {file = "zappa-0.51.0-py3-none-any.whl", hash = "sha256:c6e740334c1c39e644a345124b7317003420b632a8f7a6811d18b82bb16e2f8e"},
    {file = "zappa-0.51.0.tar.gz", hash = "sha256:ccfc336d3bc48a6898cbbd157e16653f717dbe3ca37f933ce40acfe242a03a40"},
]
